
Microsoft Visual Studio Solution File, Format Version 12.00
# Visual Studio Version 16
VisualStudioVersion = 16.0.30509.190
MinimumVisualStudioVersion = 10.0.40219.1
Project("{FAE04EC0-301F-11D3-BF4B-00C04F79EFBC}") = "Orchard.Canopy.Web.Server", "Orchard.Canopy.Web\Server\Orchard.Canopy.Web.Server.csproj", "{783FA5A6-D00E-470C-8FC5-2073C4C21DA5}"
EndProject
Project("{FAE04EC0-301F-11D3-BF4B-00C04F79EFBC}") = "Orchard.Canopy.Web.Client", "Orchard.Canopy.Web\Client\Orchard.Canopy.Web.Client.csproj", "{17EEAF6E-9B4C-444A-9E72-C106367614B4}"
EndProject
Project("{FAE04EC0-301F-11D3-BF4B-00C04F79EFBC}") = "Orchard.Canopy.Web.Shared", "Orchard.Canopy.Web\Shared\Orchard.Canopy.Web.Shared.csproj", "{48578756-333F-453E-9783-ED9F164EA5E0}"
EndProject
Project("{FAE04EC0-301F-11D3-BF4B-00C04F79EFBC}") = "Orchard.Canopy.Abstractions", "Orchard.Canopy.Abstractions\Orchard.Canopy.Abstractions.csproj", "{286DBDD5-4D28-40FB-87BF-E01A72E1FAA4}"
EndProject
Project("{FAE04EC0-301F-11D3-BF4B-00C04F79EFBC}") = "Orchard.Canopy.OrchardApiClient", "Orchard.Canopy.OrchardApiClient\Orchard.Canopy.OrchardApiClient.csproj", "{09943B6D-FE76-42AC-94C6-79882BBC54D1}"
EndProject
Project("{FAE04EC0-301F-11D3-BF4B-00C04F79EFBC}") = "Orchard.Canopy.Core", "Orchard.Canopy.Core\Orchard.Canopy.Core.csproj", "{C7D2A555-6E08-4D64-9946-557ADADD505E}"
EndProject
Global
	GlobalSection(SolutionConfigurationPlatforms) = preSolution
		Debug|Any CPU = Debug|Any CPU
		Release|Any CPU = Release|Any CPU
	EndGlobalSection
	GlobalSection(ProjectConfigurationPlatforms) = postSolution
		{783FA5A6-D00E-470C-8FC5-2073C4C21DA5}.Debug|Any CPU.ActiveCfg = Debug|Any CPU
		{783FA5A6-D00E-470C-8FC5-2073C4C21DA5}.Debug|Any CPU.Build.0 = Debug|Any CPU
		{783FA5A6-D00E-470C-8FC5-2073C4C21DA5}.Release|Any CPU.ActiveCfg = Release|Any CPU
		{783FA5A6-D00E-470C-8FC5-2073C4C21DA5}.Release|Any CPU.Build.0 = Release|Any CPU
		{17EEAF6E-9B4C-444A-9E72-C106367614B4}.Debug|Any CPU.ActiveCfg = Debug|Any CPU
		{17EEAF6E-9B4C-444A-9E72-C106367614B4}.Debug|Any CPU.Build.0 = Debug|Any CPU
		{17EEAF6E-9B4C-444A-9E72-C106367614B4}.Release|Any CPU.ActiveCfg = Release|Any CPU
		{17EEAF6E-9B4C-444A-9E72-C106367614B4}.Release|Any CPU.Build.0 = Release|Any CPU
		{48578756-333F-453E-9783-ED9F164EA5E0}.Debug|Any CPU.ActiveCfg = Debug|Any CPU
		{48578756-333F-453E-9783-ED9F164EA5E0}.Debug|Any CPU.Build.0 = Debug|Any CPU
		{48578756-333F-453E-9783-ED9F164EA5E0}.Release|Any CPU.ActiveCfg = Release|Any CPU
		{48578756-333F-453E-9783-ED9F164EA5E0}.Release|Any CPU.Build.0 = Release|Any CPU
		{286DBDD5-4D28-40FB-87BF-E01A72E1FAA4}.Debug|Any CPU.ActiveCfg = Debug|Any CPU
		{286DBDD5-4D28-40FB-87BF-E01A72E1FAA4}.Debug|Any CPU.Build.0 = Debug|Any CPU
		{286DBDD5-4D28-40FB-87BF-E01A72E1FAA4}.Release|Any CPU.ActiveCfg = Release|Any CPU
		{286DBDD5-4D28-40FB-87BF-E01A72E1FAA4}.Release|Any CPU.Build.0 = Release|Any CPU
		{09943B6D-FE76-42AC-94C6-79882BBC54D1}.Debug|Any CPU.ActiveCfg = Debug|Any CPU
		{09943B6D-FE76-42AC-94C6-79882BBC54D1}.Debug|Any CPU.Build.0 = Debug|Any CPU
		{09943B6D-FE76-42AC-94C6-79882BBC54D1}.Release|Any CPU.ActiveCfg = Release|Any CPU
		{09943B6D-FE76-42AC-94C6-79882BBC54D1}.Release|Any CPU.Build.0 = Release|Any CPU
		{C7D2A555-6E08-4D64-9946-557ADADD505E}.Debug|Any CPU.ActiveCfg = Debug|Any CPU
		{C7D2A555-6E08-4D64-9946-557ADADD505E}.Debug|Any CPU.Build.0 = Debug|Any CPU
		{C7D2A555-6E08-4D64-9946-557ADADD505E}.Release|Any CPU.ActiveCfg = Release|Any CPU
		{C7D2A555-6E08-4D64-9946-557ADADD505E}.Release|Any CPU.Build.0 = Release|Any CPU
	EndGlobalSection
	GlobalSection(SolutionProperties) = preSolution
		HideSolutionNode = FALSE
	EndGlobalSection
	GlobalSection(ExtensibilityGlobals) = postSolution
		SolutionGuid = {24BC2F4C-A865-4606-9B13-723FF6690FC9}
	EndGlobalSection
EndGlobal
